{
  "version": 4,
  "terraform_version": "1.2.8",
  "serial": 70,
  "lineage": "13491ff6-ed88-dfce-d8e9-6583c09b93a0",
  "outputs": {},
  "resources": [
    {
      "mode": "data",
      "type": "archive_file",
      "name": "clear_budget_zip",
      "provider": "provider[\"registry.terraform.io/hashicorp/archive\"]",
      "instances": [
        {
          "schema_version": 0,
          "attributes": {
            "excludes": null,
            "id": "b41de70e21d811afa2c87f797f3c663fa0ea782a",
            "output_base64sha256": "fzJ7VRrnYkxvjHBP9TrdHinyiBz1evg60eugMeV/3n0=",
            "output_file_mode": null,
            "output_md5": "5d55f19f0c6d0162bc187d748b15ff32",
            "output_path": "./LambdaCodeFiles/TFzips/BB-Clear-Budget-Lambda.zip",
            "output_sha": "b41de70e21d811afa2c87f797f3c663fa0ea782a",
            "output_size": 1061,
            "source": [],
            "source_content": null,
            "source_content_filename": null,
            "source_dir": "./LambdaCodeFiles/BB-Clear-Budget-Lambda",
            "source_file": null,
            "type": "zip"
          },
          "sensitive_attributes": []
        }
      ]
    },
    {
      "mode": "data",
      "type": "archive_file",
      "name": "create_budget_zip",
      "provider": "provider[\"registry.terraform.io/hashicorp/archive\"]",
      "instances": [
        {
          "schema_version": 0,
          "attributes": {
            "excludes": null,
            "id": "5fd3e333918f72eff0b3c4bcdc9ee387bff113d1",
            "output_base64sha256": "IorDp3F0qcass8c8RvepV1crBAkeHlCkSQfjzaNM8hY=",
            "output_file_mode": null,
            "output_md5": "59abcb083be9a6661aa8c020ba4b2433",
            "output_path": "./LambdaCodeFiles/TFzips/BB-Create-Budget-Lambda.zip",
            "output_sha": "5fd3e333918f72eff0b3c4bcdc9ee387bff113d1",
            "output_size": 1576,
            "source": [],
            "source_content": null,
            "source_content_filename": null,
            "source_dir": "./LambdaCodeFiles/BB-Create-Budget-Lambda",
            "source_file": null,
            "type": "zip"
          },
          "sensitive_attributes": []
        }
      ]
    },
    {
      "mode": "data",
      "type": "archive_file",
      "name": "delete_budget_zip",
      "provider": "provider[\"registry.terraform.io/hashicorp/archive\"]",
      "instances": [
        {
          "schema_version": 0,
          "attributes": {
            "excludes": null,
            "id": "a7e7fffeab981f80bb384a648cc338c36f3c7587",
            "output_base64sha256": "QOyNvFmgyH/xeCcQlesrvhmIwdqB9qwTF/QaIg03Vjs=",
            "output_file_mode": null,
            "output_md5": "1ad868d56ad67c45a662697d08e23ade",
            "output_path": "./LambdaCodeFiles/TFzips/BB-Delete-Budget-Lambda.zip",
            "output_sha": "a7e7fffeab981f80bb384a648cc338c36f3c7587",
            "output_size": 1260,
            "source": [],
            "source_content": null,
            "source_content_filename": null,
            "source_dir": "./LambdaCodeFiles/BB-Delete-Budget-Lambda",
            "source_file": null,
            "type": "zip"
          },
          "sensitive_attributes": []
        }
      ]
    },
    {
      "mode": "data",
      "type": "archive_file",
      "name": "get_budget_zip",
      "provider": "provider[\"registry.terraform.io/hashicorp/archive\"]",
      "instances": [
        {
          "schema_version": 0,
          "attributes": {
            "excludes": null,
            "id": "11fd09789ff768b9e57fd3735c992f2e4d979fd8",
            "output_base64sha256": "aAR3/MmwdpB2t3txosZ4yEFVAHHjwAFNXVOIuOOPg00=",
            "output_file_mode": null,
            "output_md5": "ee9fb93f5513a20444eab3886f0b05d0",
            "output_path": "./LambdaCodeFiles/TFzips/BB-Get-Budgets-Lambda.zip",
            "output_sha": "11fd09789ff768b9e57fd3735c992f2e4d979fd8",
            "output_size": 771,
            "source": [],
            "source_content": null,
            "source_content_filename": null,
            "source_dir": "./LambdaCodeFiles/BB-Get-Budgets-Lambda",
            "source_file": null,
            "type": "zip"
          },
          "sensitive_attributes": []
        }
      ]
    },
    {
      "mode": "data",
      "type": "archive_file",
      "name": "get_categories_zip",
      "provider": "provider[\"registry.terraform.io/hashicorp/archive\"]",
      "instances": [
        {
          "schema_version": 0,
          "attributes": {
            "excludes": null,
            "id": "af182ed2c5b931dd85cbbde54472c8457d30352c",
            "output_base64sha256": "+V1XYIoeRM3b/Pfnfvj+E7ij2X3A0jujDxvFDoJL+To=",
            "output_file_mode": null,
            "output_md5": "adb74e364891e6226d4dfe6b15473a4a",
            "output_path": "./LambdaCodeFiles/TFzips/BB-Get-Categories-Lambda.zip",
            "output_sha": "af182ed2c5b931dd85cbbde54472c8457d30352c",
            "output_size": 940,
            "source": [],
            "source_content": null,
            "source_content_filename": null,
            "source_dir": "./LambdaCodeFiles/BB-Get-Categories-Lambda",
            "source_file": null,
            "type": "zip"
          },
          "sensitive_attributes": []
        }
      ]
    },
    {
      "mode": "data",
      "type": "archive_file",
      "name": "get_reportdata_zip",
      "provider": "provider[\"registry.terraform.io/hashicorp/archive\"]",
      "instances": [
        {
          "schema_version": 0,
          "attributes": {
            "excludes": null,
            "id": "20d1f98a9f6468fe3649d703ccd7f1213a05834e",
            "output_base64sha256": "eBpeZsQOaydIBXrDb9QlKx7VhQVYkrOMpQuaPQtdRgY=",
            "output_file_mode": null,
            "output_md5": "618dfe540cb98b515804be0c8eea7044",
            "output_path": "./LambdaCodeFiles/TFzips/BB-Get-ReportData-Lambda.zip",
            "output_sha": "20d1f98a9f6468fe3649d703ccd7f1213a05834e",
            "output_size": 1004,
            "source": [],
            "source_content": null,
            "source_content_filename": null,
            "source_dir": "./LambdaCodeFiles/BB-Get-ReportData-Lambda",
            "source_file": null,
            "type": "zip"
          },
          "sensitive_attributes": []
        }
      ]
    },
    {
      "mode": "data",
      "type": "archive_file",
      "name": "get_userswithaccess_zip",
      "provider": "provider[\"registry.terraform.io/hashicorp/archive\"]",
      "instances": [
        {
          "schema_version": 0,
          "attributes": {
            "excludes": null,
            "id": "3bcecaae9d24d51296530133da2730fde84f9553",
            "output_base64sha256": "/RfVUPMO01s/JnOrtb9nVcxYQITE4w9YL1nFLr10lFE=",
            "output_file_mode": null,
            "output_md5": "ba71bcebaed3e82c0915eb68a1d1a72e",
            "output_path": "./LambdaCodeFiles/TFzips/BB-Get-UsersWithAccess-Lambda.zip",
            "output_sha": "3bcecaae9d24d51296530133da2730fde84f9553",
            "output_size": 1068,
            "source": [],
            "source_content": null,
            "source_content_filename": null,
            "source_dir": "./LambdaCodeFiles/BB-Get-UsersWithAccess-Lambda",
            "source_file": null,
            "type": "zip"
          },
          "sensitive_attributes": []
        }
      ]
    },
    {
      "mode": "data",
      "type": "archive_file",
      "name": "share_budget_zip",
      "provider": "provider[\"registry.terraform.io/hashicorp/archive\"]",
      "instances": [
        {
          "schema_version": 0,
          "attributes": {
            "excludes": null,
            "id": "11ca2345ab0e56f6232e34f81713bf6b238ca0cf",
            "output_base64sha256": "NIqHeT0OGpaeqIvhdHEaBeWIXo1i4Wyr/Teelo0ANT0=",
            "output_file_mode": null,
            "output_md5": "7d8ca19c5a818525a29d852ac1e72c6d",
            "output_path": "./LambdaCodeFiles/TFzips/BB-Share-Budget-Lambda.zip",
            "output_sha": "11ca2345ab0e56f6232e34f81713bf6b238ca0cf",
            "output_size": 1433,
            "source": [],
            "source_content": null,
            "source_content_filename": null,
            "source_dir": "./LambdaCodeFiles/BB-Share-Budget-Lambda",
            "source_file": null,
            "type": "zip"
          },
          "sensitive_attributes": []
        }
      ]
    },
    {
      "mode": "data",
      "type": "archive_file",
      "name": "update_budget_zip",
      "provider": "provider[\"registry.terraform.io/hashicorp/archive\"]",
      "instances": [
        {
          "schema_version": 0,
          "attributes": {
            "excludes": null,
            "id": "5113a3afdb3f8b49dbe07c5fba40d174b87f3890",
            "output_base64sha256": "jjIFhQUiheNjy/UyAUSepoDAew/yEw1d407AsACk6So=",
            "output_file_mode": null,
            "output_md5": "fea761263b92b2134f9fd06d9d9373a0",
            "output_path": "./LambdaCodeFiles/TFzips/BB-Update-Budget-Lambda.zip",
            "output_sha": "5113a3afdb3f8b49dbe07c5fba40d174b87f3890",
            "output_size": 2168,
            "source": [],
            "source_content": null,
            "source_content_filename": null,
            "source_dir": "./LambdaCodeFiles/BB-Update-Budget-Lambda",
            "source_file": null,
            "type": "zip"
          },
          "sensitive_attributes": []
        }
      ]
    },
    {
      "mode": "data",
      "type": "aws_cognito_user_pools",
      "name": "budget_boy_data",
      "provider": "provider[\"registry.terraform.io/hashicorp/aws\"]",
      "instances": [
        {
          "schema_version": 0,
          "attributes": {
            "arns": [
              "arn:aws:cognito-idp:us-east-1:139654284650:userpool/us-east-1_PJGF8x1h5"
            ],
            "id": "Budget Boy",
            "ids": [
              "us-east-1_PJGF8x1h5"
            ],
            "name": "Budget Boy"
          },
          "sensitive_attributes": []
        }
      ]
    },
    {
      "mode": "managed",
      "type": "aws_api_gateway_authorizer",
      "name": "bb-cognito",
      "provider": "provider[\"registry.terraform.io/hashicorp/aws\"]",
      "instances": [
        {
          "schema_version": 0,
          "attributes": {
            "arn": "arn:aws:apigateway:us-east-1::/restapis/82u01p1v58/authorizers/i884sj",
            "authorizer_credentials": "",
            "authorizer_result_ttl_in_seconds": 300,
            "authorizer_uri": "",
            "id": "i884sj",
            "identity_source": "method.request.header.Authorization",
            "identity_validation_expression": "",
            "name": "BudgetBoyCognitoAuthorizer",
            "provider_arns": [
              "arn:aws:cognito-idp:us-east-1:139654284650:userpool/us-east-1_PJGF8x1h5"
            ],
            "rest_api_id": "82u01p1v58",
            "type": "COGNITO_USER_POOLS"
          },
          "sensitive_attributes": [],
          "private": "eyJzY2hlbWFfdmVyc2lvbiI6IjAifQ==",
          "dependencies": [
            "aws_api_gateway_rest_api.bb_api",
            "data.aws_cognito_user_pools.budget_boy_data"
          ]
        }
      ]
    },
    {
      "mode": "managed",
      "type": "aws_api_gateway_integration",
      "name": "delete_budgets_integration",
      "provider": "provider[\"registry.terraform.io/hashicorp/aws\"]",
      "instances": [
        {
          "schema_version": 0,
          "attributes": {
            "cache_key_parameters": [],
            "cache_namespace": "up0vqs",
            "connection_id": "",
            "connection_type": "INTERNET",
            "content_handling": "CONVERT_TO_TEXT",
            "credentials": "",
            "http_method": "DELETE",
            "id": "agi-82u01p1v58-up0vqs-DELETE",
            "integration_http_method": "POST",
            "passthrough_behavior": "WHEN_NO_MATCH",
            "request_parameters": {},
            "request_templates": {},
            "resource_id": "up0vqs",
            "rest_api_id": "82u01p1v58",
            "timeout_milliseconds": 29000,
            "tls_config": [],
            "type": "AWS_PROXY",
            "uri": "arn:aws:apigateway:us-east-1:lambda:path/2015-03-31/functions/arn:aws:lambda:us-east-1:139654284650:function:BB-Delete-Budget-Lambda/invocations"
          },
          "sensitive_attributes": [],
          "private": "eyJzY2hlbWFfdmVyc2lvbiI6IjAifQ==",
          "dependencies": [
            "aws_api_gateway_authorizer.bb-cognito",
            "aws_api_gateway_method.delete_budgets_method",
            "aws_api_gateway_request_validator.parameters",
            "aws_api_gateway_resource.budgets",
            "aws_api_gateway_rest_api.bb_api",
            "aws_iam_role.lambda_role",
            "aws_lambda_function.delete_budget",
            "data.aws_cognito_user_pools.budget_boy_data"
          ]
        }
      ]
    },
    {
      "mode": "managed",
      "type": "aws_api_gateway_integration",
      "name": "get_budgets_integration",
      "provider": "provider[\"registry.terraform.io/hashicorp/aws\"]",
      "instances": [
        {
          "schema_version": 0,
          "attributes": {
            "cache_key_parameters": [],
            "cache_namespace": "up0vqs",
            "connection_id": "",
            "connection_type": "INTERNET",
            "content_handling": "CONVERT_TO_TEXT",
            "credentials": "",
            "http_method": "GET",
            "id": "agi-82u01p1v58-up0vqs-GET",
            "integration_http_method": "POST",
            "passthrough_behavior": "WHEN_NO_MATCH",
            "request_parameters": {},
            "request_templates": {},
            "resource_id": "up0vqs",
            "rest_api_id": "82u01p1v58",
            "timeout_milliseconds": 29000,
            "tls_config": [],
            "type": "AWS_PROXY",
            "uri": "arn:aws:apigateway:us-east-1:lambda:path/2015-03-31/functions/arn:aws:lambda:us-east-1:139654284650:function:BB-Get-Budgets-Lambda/invocations"
          },
          "sensitive_attributes": [],
          "private": "eyJzY2hlbWFfdmVyc2lvbiI6IjAifQ==",
          "dependencies": [
            "aws_api_gateway_authorizer.bb-cognito",
            "aws_api_gateway_method.get_budgets_method",
            "aws_api_gateway_resource.budgets",
            "aws_api_gateway_rest_api.bb_api",
            "aws_iam_role.lambda_role",
            "aws_lambda_function.get_budgets",
            "data.aws_cognito_user_pools.budget_boy_data"
          ]
        }
      ]
    },
    {
      "mode": "managed",
      "type": "aws_api_gateway_integration",
      "name": "get_budgets_sharing_integration",
      "provider": "provider[\"registry.terraform.io/hashicorp/aws\"]",
      "instances": [
        {
          "schema_version": 0,
          "attributes": {
            "cache_key_parameters": [],
            "cache_namespace": "usd4mm",
            "connection_id": "",
            "connection_type": "INTERNET",
            "content_handling": "CONVERT_TO_TEXT",
            "credentials": "",
            "http_method": "GET",
            "id": "agi-82u01p1v58-usd4mm-GET",
            "integration_http_method": "POST",
            "passthrough_behavior": "WHEN_NO_MATCH",
            "request_parameters": {},
            "request_templates": {},
            "resource_id": "usd4mm",
            "rest_api_id": "82u01p1v58",
            "timeout_milliseconds": 29000,
            "tls_config": [],
            "type": "AWS_PROXY",
            "uri": "arn:aws:apigateway:us-east-1:lambda:path/2015-03-31/functions/arn:aws:lambda:us-east-1:139654284650:function:BB-Get-UsersWithAccess-Lambda/invocations"
          },
          "sensitive_attributes": [],
          "private": "eyJzY2hlbWFfdmVyc2lvbiI6IjAifQ==",
          "dependencies": [
            "aws_api_gateway_authorizer.bb-cognito",
            "aws_api_gateway_method.get_budgets_sharing_method",
            "aws_api_gateway_request_validator.parameters",
            "aws_api_gateway_resource.budgets",
            "aws_api_gateway_resource.budgets_sharing",
            "aws_api_gateway_rest_api.bb_api",
            "aws_iam_role.lambda_role",
            "aws_lambda_function.get_userswithaccess",
            "data.aws_cognito_user_pools.budget_boy_data"
          ]
        }
      ]
    },
    {
      "mode": "managed",
      "type": "aws_api_gateway_integration",
      "name": "get_categories_integration",
      "provider": "provider[\"registry.terraform.io/hashicorp/aws\"]",
      "instances": [
        {
          "schema_version": 0,
          "attributes": {
            "cache_key_parameters": [],
            "cache_namespace": "cxvpyv",
            "connection_id": "",
            "connection_type": "INTERNET",
            "content_handling": "CONVERT_TO_TEXT",
            "credentials": "",
            "http_method": "GET",
            "id": "agi-82u01p1v58-cxvpyv-GET",
            "integration_http_method": "POST",
            "passthrough_behavior": "WHEN_NO_MATCH",
            "request_parameters": {},
            "request_templates": {},
            "resource_id": "cxvpyv",
            "rest_api_id": "82u01p1v58",
            "timeout_milliseconds": 29000,
            "tls_config": [],
            "type": "AWS_PROXY",
            "uri": "arn:aws:apigateway:us-east-1:lambda:path/2015-03-31/functions/arn:aws:lambda:us-east-1:139654284650:function:BB-Get-Categories-Lambda/invocations"
          },
          "sensitive_attributes": [],
          "private": "eyJzY2hlbWFfdmVyc2lvbiI6IjAifQ==",
          "dependencies": [
            "aws_api_gateway_authorizer.bb-cognito",
            "aws_api_gateway_method.get_categories_method",
            "aws_api_gateway_request_validator.parameters",
            "aws_api_gateway_resource.categories",
            "aws_api_gateway_rest_api.bb_api",
            "aws_iam_role.lambda_role",
            "aws_lambda_function.get_categories",
            "data.aws_cognito_user_pools.budget_boy_data"
          ]
        }
      ]
    },
    {
      "mode": "managed",
      "type": "aws_api_gateway_integration",
      "name": "get_reportdata_integration",
      "provider": "provider[\"registry.terraform.io/hashicorp/aws\"]",
      "instances": [
        {
          "schema_version": 0,
          "attributes": {
            "cache_key_parameters": [],
            "cache_namespace": "u1cmsc",
            "connection_id": "",
            "connection_type": "INTERNET",
            "content_handling": "CONVERT_TO_TEXT",
            "credentials": "",
            "http_method": "GET",
            "id": "agi-82u01p1v58-u1cmsc-GET",
            "integration_http_method": "POST",
            "passthrough_behavior": "WHEN_NO_MATCH",
            "request_parameters": {},
            "request_templates": {},
            "resource_id": "u1cmsc",
            "rest_api_id": "82u01p1v58",
            "timeout_milliseconds": 29000,
            "tls_config": [],
            "type": "AWS_PROXY",
            "uri": "arn:aws:apigateway:us-east-1:lambda:path/2015-03-31/functions/arn:aws:lambda:us-east-1:139654284650:function:BB-Get-ReportData-Lambda/invocations"
          },
          "sensitive_attributes": [],
          "private": "eyJzY2hlbWFfdmVyc2lvbiI6IjAifQ==",
          "dependencies": [
            "aws_api_gateway_authorizer.bb-cognito",
            "aws_api_gateway_method.get_reportdata_method",
            "aws_api_gateway_request_validator.parameters",
            "aws_api_gateway_resource.reportdata",
            "aws_api_gateway_rest_api.bb_api",
            "aws_iam_role.lambda_role",
            "aws_lambda_function.get_reportdata",
            "data.aws_cognito_user_pools.budget_boy_data"
          ]
        }
      ]
    },
    {
      "mode": "managed",
      "type": "aws_api_gateway_integration",
      "name": "post_budgets_integration",
      "provider": "provider[\"registry.terraform.io/hashicorp/aws\"]",
      "instances": [
        {
          "schema_version": 0,
          "attributes": {
            "cache_key_parameters": [],
            "cache_namespace": "up0vqs",
            "connection_id": "",
            "connection_type": "INTERNET",
            "content_handling": "CONVERT_TO_TEXT",
            "credentials": "",
            "http_method": "POST",
            "id": "agi-82u01p1v58-up0vqs-POST",
            "integration_http_method": "POST",
            "passthrough_behavior": "WHEN_NO_MATCH",
            "request_parameters": {},
            "request_templates": {},
            "resource_id": "up0vqs",
            "rest_api_id": "82u01p1v58",
            "timeout_milliseconds": 29000,
            "tls_config": [],
            "type": "AWS_PROXY",
            "uri": "arn:aws:apigateway:us-east-1:lambda:path/2015-03-31/functions/arn:aws:lambda:us-east-1:139654284650:function:BB-Create-Budget-Lambda/invocations"
          },
          "sensitive_attributes": [],
          "private": "eyJzY2hlbWFfdmVyc2lvbiI6IjAifQ==",
          "dependencies": [
            "aws_api_gateway_authorizer.bb-cognito",
            "aws_api_gateway_method.post_budgets_method",
            "aws_api_gateway_resource.budgets",
            "aws_api_gateway_rest_api.bb_api",
            "aws_iam_role.lambda_role",
            "aws_lambda_function.create_budget",
            "data.aws_cognito_user_pools.budget_boy_data"
          ]
        }
      ]
    },
    {
      "mode": "managed",
      "type": "aws_api_gateway_integration",
      "name": "put_budgets_integration",
      "provider": "provider[\"registry.terraform.io/hashicorp/aws\"]",
      "instances": [
        {
          "schema_version": 0,
          "attributes": {
            "cache_key_parameters": [],
            "cache_namespace": "up0vqs",
            "connection_id": "",
            "connection_type": "INTERNET",
            "content_handling": "CONVERT_TO_TEXT",
            "credentials": "",
            "http_method": "PUT",
            "id": "agi-82u01p1v58-up0vqs-PUT",
            "integration_http_method": "POST",
            "passthrough_behavior": "WHEN_NO_MATCH",
            "request_parameters": {},
            "request_templates": {},
            "resource_id": "up0vqs",
            "rest_api_id": "82u01p1v58",
            "timeout_milliseconds": 29000,
            "tls_config": [],
            "type": "AWS_PROXY",
            "uri": "arn:aws:apigateway:us-east-1:lambda:path/2015-03-31/functions/arn:aws:lambda:us-east-1:139654284650:function:BB-Update-Budget-Lambda/invocations"
          },
          "sensitive_attributes": [],
          "private": "eyJzY2hlbWFfdmVyc2lvbiI6IjAifQ==",
          "dependencies": [
            "aws_api_gateway_authorizer.bb-cognito",
            "aws_api_gateway_method.put_budgets_method",
            "aws_api_gateway_request_validator.parameters",
            "aws_api_gateway_resource.budgets",
            "aws_api_gateway_rest_api.bb_api",
            "aws_iam_role.lambda_role",
            "aws_lambda_function.update_budget",
            "data.aws_cognito_user_pools.budget_boy_data"
          ]
        }
      ]
    },
    {
      "mode": "managed",
      "type": "aws_api_gateway_integration",
      "name": "put_budgets_sharing_integration",
      "provider": "provider[\"registry.terraform.io/hashicorp/aws\"]",
      "instances": [
        {
          "schema_version": 0,
          "attributes": {
            "cache_key_parameters": [],
            "cache_namespace": "usd4mm",
            "connection_id": "",
            "connection_type": "INTERNET",
            "content_handling": "CONVERT_TO_TEXT",
            "credentials": "",
            "http_method": "PUT",
            "id": "agi-82u01p1v58-usd4mm-PUT",
            "integration_http_method": "POST",
            "passthrough_behavior": "WHEN_NO_MATCH",
            "request_parameters": {},
            "request_templates": {},
            "resource_id": "usd4mm",
            "rest_api_id": "82u01p1v58",
            "timeout_milliseconds": 29000,
            "tls_config": [],
            "type": "AWS_PROXY",
            "uri": "arn:aws:apigateway:us-east-1:lambda:path/2015-03-31/functions/arn:aws:lambda:us-east-1:139654284650:function:BB-Share-Budget-Lambda/invocations"
          },
          "sensitive_attributes": [],
          "private": "eyJzY2hlbWFfdmVyc2lvbiI6IjAifQ==",
          "dependencies": [
            "aws_api_gateway_authorizer.bb-cognito",
            "aws_api_gateway_method.put_budgets_sharing_method",
            "aws_api_gateway_request_validator.parameters",
            "aws_api_gateway_resource.budgets",
            "aws_api_gateway_resource.budgets_sharing",
            "aws_api_gateway_rest_api.bb_api",
            "aws_iam_role.lambda_role",
            "aws_lambda_function.share_budget",
            "data.aws_cognito_user_pools.budget_boy_data"
          ]
        }
      ]
    },
    {
      "mode": "managed",
      "type": "aws_api_gateway_method",
      "name": "delete_budgets_method",
      "provider": "provider[\"registry.terraform.io/hashicorp/aws\"]",
      "instances": [
        {
          "schema_version": 0,
          "attributes": {
            "api_key_required": false,
            "authorization": "COGNITO_USER_POOLS",
            "authorization_scopes": [
              "aws.cognito.signin.user.admin",
              "email",
              "openid",
              "profile"
            ],
            "authorizer_id": "i884sj",
            "http_method": "DELETE",
            "id": "agm-82u01p1v58-up0vqs-DELETE",
            "operation_name": "",
            "request_models": {},
            "request_parameters": {
              "method.request.querystring.BudgetID": true
            },
            "request_validator_id": "3alc4t",
            "resource_id": "up0vqs",
            "rest_api_id": "82u01p1v58"
          },
          "sensitive_attributes": [],
          "private": "eyJzY2hlbWFfdmVyc2lvbiI6IjAifQ==",
          "dependencies": [
            "aws_api_gateway_authorizer.bb-cognito",
            "aws_api_gateway_request_validator.parameters",
            "aws_api_gateway_resource.budgets",
            "aws_api_gateway_rest_api.bb_api",
            "data.aws_cognito_user_pools.budget_boy_data"
          ]
        }
      ]
    },
    {
      "mode": "managed",
      "type": "aws_api_gateway_method",
      "name": "get_budgets_method",
      "provider": "provider[\"registry.terraform.io/hashicorp/aws\"]",
      "instances": [
        {
          "schema_version": 0,
          "attributes": {
            "api_key_required": false,
            "authorization": "COGNITO_USER_POOLS",
            "authorization_scopes": [
              "aws.cognito.signin.user.admin",
              "email",
              "openid",
              "profile"
            ],
            "authorizer_id": "i884sj",
            "http_method": "GET",
            "id": "agm-82u01p1v58-up0vqs-GET",
            "operation_name": "",
            "request_models": {},
            "request_parameters": {},
            "request_validator_id": "",
            "resource_id": "up0vqs",
            "rest_api_id": "82u01p1v58"
          },
          "sensitive_attributes": [],
          "private": "eyJzY2hlbWFfdmVyc2lvbiI6IjAifQ==",
          "dependencies": [
            "aws_api_gateway_authorizer.bb-cognito",
            "aws_api_gateway_resource.budgets",
            "aws_api_gateway_rest_api.bb_api",
            "data.aws_cognito_user_pools.budget_boy_data"
          ]
        }
      ]
    },
    {
      "mode": "managed",
      "type": "aws_api_gateway_method",
      "name": "get_budgets_sharing_method",
      "provider": "provider[\"registry.terraform.io/hashicorp/aws\"]",
      "instances": [
        {
          "schema_version": 0,
          "attributes": {
            "api_key_required": false,
            "authorization": "COGNITO_USER_POOLS",
            "authorization_scopes": [
              "aws.cognito.signin.user.admin",
              "email",
              "openid",
              "profile"
            ],
            "authorizer_id": "i884sj",
            "http_method": "GET",
            "id": "agm-82u01p1v58-usd4mm-GET",
            "operation_name": "",
            "request_models": {},
            "request_parameters": {
              "method.request.querystring.BudgetID": true
            },
            "request_validator_id": "3alc4t",
            "resource_id": "usd4mm",
            "rest_api_id": "82u01p1v58"
          },
          "sensitive_attributes": [],
          "private": "eyJzY2hlbWFfdmVyc2lvbiI6IjAifQ==",
          "dependencies": [
            "aws_api_gateway_authorizer.bb-cognito",
            "aws_api_gateway_request_validator.parameters",
            "aws_api_gateway_resource.budgets",
            "aws_api_gateway_resource.budgets_sharing",
            "aws_api_gateway_rest_api.bb_api",
            "data.aws_cognito_user_pools.budget_boy_data"
          ]
        }
      ]
    },
    {
      "mode": "managed",
      "type": "aws_api_gateway_method",
      "name": "get_categories_method",
      "provider": "provider[\"registry.terraform.io/hashicorp/aws\"]",
      "instances": [
        {
          "schema_version": 0,
          "attributes": {
            "api_key_required": false,
            "authorization": "COGNITO_USER_POOLS",
            "authorization_scopes": [
              "aws.cognito.signin.user.admin",
              "email",
              "openid",
              "profile"
            ],
            "authorizer_id": "i884sj",
            "http_method": "GET",
            "id": "agm-82u01p1v58-cxvpyv-GET",
            "operation_name": "",
            "request_models": {},
            "request_parameters": {
              "method.request.querystring.BudgetID": true
            },
            "request_validator_id": "3alc4t",
            "resource_id": "cxvpyv",
            "rest_api_id": "82u01p1v58"
          },
          "sensitive_attributes": [],
          "private": "eyJzY2hlbWFfdmVyc2lvbiI6IjAifQ==",
          "dependencies": [
            "aws_api_gateway_authorizer.bb-cognito",
            "aws_api_gateway_request_validator.parameters",
            "aws_api_gateway_resource.categories",
            "aws_api_gateway_rest_api.bb_api",
            "data.aws_cognito_user_pools.budget_boy_data"
          ]
        }
      ]
    },
    {
      "mode": "managed",
      "type": "aws_api_gateway_method",
      "name": "get_reportdata_method",
      "provider": "provider[\"registry.terraform.io/hashicorp/aws\"]",
      "instances": [
        {
          "schema_version": 0,
          "attributes": {
            "api_key_required": false,
            "authorization": "COGNITO_USER_POOLS",
            "authorization_scopes": [
              "aws.cognito.signin.user.admin",
              "email",
              "openid",
              "profile"
            ],
            "authorizer_id": "i884sj",
            "http_method": "GET",
            "id": "agm-82u01p1v58-u1cmsc-GET",
            "operation_name": "",
            "request_models": {},
            "request_parameters": {
              "method.request.querystring.BudgetID": true
            },
            "request_validator_id": "3alc4t",
            "resource_id": "u1cmsc",
            "rest_api_id": "82u01p1v58"
          },
          "sensitive_attributes": [],
          "private": "eyJzY2hlbWFfdmVyc2lvbiI6IjAifQ==",
          "dependencies": [
            "aws_api_gateway_authorizer.bb-cognito",
            "aws_api_gateway_request_validator.parameters",
            "aws_api_gateway_resource.reportdata",
            "aws_api_gateway_rest_api.bb_api",
            "data.aws_cognito_user_pools.budget_boy_data"
          ]
        }
      ]
    },
    {
      "mode": "managed",
      "type": "aws_api_gateway_method",
      "name": "post_budgets_method",
      "provider": "provider[\"registry.terraform.io/hashicorp/aws\"]",
      "instances": [
        {
          "schema_version": 0,
          "attributes": {
            "api_key_required": false,
            "authorization": "COGNITO_USER_POOLS",
            "authorization_scopes": [
              "aws.cognito.signin.user.admin",
              "email",
              "openid",
              "profile"
            ],
            "authorizer_id": "i884sj",
            "http_method": "POST",
            "id": "agm-82u01p1v58-up0vqs-POST",
            "operation_name": "",
            "request_models": {},
            "request_parameters": {},
            "request_validator_id": "",
            "resource_id": "up0vqs",
            "rest_api_id": "82u01p1v58"
          },
          "sensitive_attributes": [],
          "private": "eyJzY2hlbWFfdmVyc2lvbiI6IjAifQ==",
          "dependencies": [
            "aws_api_gateway_authorizer.bb-cognito",
            "aws_api_gateway_resource.budgets",
            "aws_api_gateway_rest_api.bb_api",
            "data.aws_cognito_user_pools.budget_boy_data"
          ]
        }
      ]
    },
    {
      "mode": "managed",
      "type": "aws_api_gateway_method",
      "name": "put_budgets_method",
      "provider": "provider[\"registry.terraform.io/hashicorp/aws\"]",
      "instances": [
        {
          "schema_version": 0,
          "attributes": {
            "api_key_required": false,
            "authorization": "COGNITO_USER_POOLS",
            "authorization_scopes": [
              "aws.cognito.signin.user.admin",
              "email",
              "openid",
              "profile"
            ],
            "authorizer_id": "i884sj",
            "http_method": "PUT",
            "id": "agm-82u01p1v58-up0vqs-PUT",
            "operation_name": "",
            "request_models": {},
            "request_parameters": {
              "method.request.querystring.BudgetID": true
            },
            "request_validator_id": "3alc4t",
            "resource_id": "up0vqs",
            "rest_api_id": "82u01p1v58"
          },
          "sensitive_attributes": [],
          "private": "eyJzY2hlbWFfdmVyc2lvbiI6IjAifQ==",
          "dependencies": [
            "aws_api_gateway_authorizer.bb-cognito",
            "aws_api_gateway_request_validator.parameters",
            "aws_api_gateway_resource.budgets",
            "aws_api_gateway_rest_api.bb_api",
            "data.aws_cognito_user_pools.budget_boy_data"
          ]
        }
      ]
    },
    {
      "mode": "managed",
      "type": "aws_api_gateway_method",
      "name": "put_budgets_sharing_method",
      "provider": "provider[\"registry.terraform.io/hashicorp/aws\"]",
      "instances": [
        {
          "schema_version": 0,
          "attributes": {
            "api_key_required": false,
            "authorization": "COGNITO_USER_POOLS",
            "authorization_scopes": [
              "aws.cognito.signin.user.admin",
              "email",
              "openid",
              "profile"
            ],
            "authorizer_id": "i884sj",
            "http_method": "PUT",
            "id": "agm-82u01p1v58-usd4mm-PUT",
            "operation_name": "",
            "request_models": {},
            "request_parameters": {
              "method.request.querystring.BudgetID": true
            },
            "request_validator_id": "3alc4t",
            "resource_id": "usd4mm",
            "rest_api_id": "82u01p1v58"
          },
          "sensitive_attributes": [],
          "private": "eyJzY2hlbWFfdmVyc2lvbiI6IjAifQ==",
          "dependencies": [
            "aws_api_gateway_authorizer.bb-cognito",
            "aws_api_gateway_request_validator.parameters",
            "aws_api_gateway_resource.budgets",
            "aws_api_gateway_resource.budgets_sharing",
            "aws_api_gateway_rest_api.bb_api",
            "data.aws_cognito_user_pools.budget_boy_data"
          ]
        }
      ]
    },
    {
      "mode": "managed",
      "type": "aws_api_gateway_request_validator",
      "name": "parameters",
      "provider": "provider[\"registry.terraform.io/hashicorp/aws\"]",
      "instances": [
        {
          "schema_version": 0,
          "attributes": {
            "id": "3alc4t",
            "name": "Validate query string parameters and headers",
            "rest_api_id": "82u01p1v58",
            "validate_request_body": false,
            "validate_request_parameters": true
          },
          "sensitive_attributes": [],
          "private": "eyJzY2hlbWFfdmVyc2lvbiI6IjAifQ==",
          "dependencies": [
            "aws_api_gateway_rest_api.bb_api"
          ]
        }
      ]
    },
    {
      "mode": "managed",
      "type": "aws_api_gateway_resource",
      "name": "budgets",
      "provider": "provider[\"registry.terraform.io/hashicorp/aws\"]",
      "instances": [
        {
          "schema_version": 0,
          "attributes": {
            "id": "up0vqs",
            "parent_id": "17k12g9or0",
            "path": "/budgets",
            "path_part": "budgets",
            "rest_api_id": "82u01p1v58"
          },
          "sensitive_attributes": [],
          "private": "eyJzY2hlbWFfdmVyc2lvbiI6IjAifQ==",
          "dependencies": [
            "aws_api_gateway_rest_api.bb_api"
          ]
        }
      ]
    },
    {
      "mode": "managed",
      "type": "aws_api_gateway_resource",
      "name": "budgets_sharing",
      "provider": "provider[\"registry.terraform.io/hashicorp/aws\"]",
      "instances": [
        {
          "schema_version": 0,
          "attributes": {
            "id": "usd4mm",
            "parent_id": "up0vqs",
            "path": "/budgets/sharing",
            "path_part": "sharing",
            "rest_api_id": "82u01p1v58"
          },
          "sensitive_attributes": [],
          "private": "eyJzY2hlbWFfdmVyc2lvbiI6IjAifQ==",
          "dependencies": [
            "aws_api_gateway_resource.budgets",
            "aws_api_gateway_rest_api.bb_api"
          ]
        }
      ]
    },
    {
      "mode": "managed",
      "type": "aws_api_gateway_resource",
      "name": "categories",
      "provider": "provider[\"registry.terraform.io/hashicorp/aws\"]",
      "instances": [
        {
          "schema_version": 0,
          "attributes": {
            "id": "cxvpyv",
            "parent_id": "17k12g9or0",
            "path": "/categories",
            "path_part": "categories",
            "rest_api_id": "82u01p1v58"
          },
          "sensitive_attributes": [],
          "private": "eyJzY2hlbWFfdmVyc2lvbiI6IjAifQ==",
          "dependencies": [
            "aws_api_gateway_rest_api.bb_api"
          ]
        }
      ]
    },
    {
      "mode": "managed",
      "type": "aws_api_gateway_resource",
      "name": "reportdata",
      "provider": "provider[\"registry.terraform.io/hashicorp/aws\"]",
      "instances": [
        {
          "schema_version": 0,
          "attributes": {
            "id": "u1cmsc",
            "parent_id": "17k12g9or0",
            "path": "/reportdata",
            "path_part": "reportdata",
            "rest_api_id": "82u01p1v58"
          },
          "sensitive_attributes": [],
          "private": "eyJzY2hlbWFfdmVyc2lvbiI6IjAifQ==",
          "dependencies": [
            "aws_api_gateway_rest_api.bb_api"
          ]
        }
      ]
    },
    {
      "mode": "managed",
      "type": "aws_api_gateway_rest_api",
      "name": "bb_api",
      "provider": "provider[\"registry.terraform.io/hashicorp/aws\"]",
      "instances": [
        {
          "schema_version": 0,
          "attributes": {
            "api_key_source": "HEADER",
            "arn": "arn:aws:apigateway:us-east-1::/restapis/82u01p1v58",
            "binary_media_types": [],
            "body": null,
            "created_date": "2022-08-13T22:06:27Z",
            "description": "API for Budget Boy Web app and mobile apps.",
            "disable_execute_api_endpoint": false,
            "endpoint_configuration": [
              {
                "types": [
                  "REGIONAL"
                ],
                "vpc_endpoint_ids": []
              }
            ],
            "execution_arn": "arn:aws:execute-api:us-east-1:139654284650:82u01p1v58",
            "id": "82u01p1v58",
            "minimum_compression_size": -1,
            "name": "BudgetBoyAPI",
            "parameters": null,
            "policy": "",
            "put_rest_api_mode": "overwrite",
            "root_resource_id": "17k12g9or0",
            "tags": {},
            "tags_all": {}
          },
          "sensitive_attributes": [],
          "private": "eyJzY2hlbWFfdmVyc2lvbiI6IjAifQ=="
        }
      ]
    },
    {
      "mode": "managed",
      "type": "aws_cognito_user_pool",
      "name": "budget_boy",
      "provider": "provider[\"registry.terraform.io/hashicorp/aws\"]",
      "instances": [
        {
          "schema_version": 0,
          "attributes": {
            "account_recovery_setting": [
              {
                "recovery_mechanism": [
                  {
                    "name": "verified_email",
                    "priority": 1
                  }
                ]
              }
            ],
            "admin_create_user_config": [
              {
                "allow_admin_create_user_only": false,
                "invite_message_template": []
              }
            ],
            "alias_attributes": null,
            "arn": "arn:aws:cognito-idp:us-east-1:139654284650:userpool/us-east-1_PJGF8x1h5",
            "auto_verified_attributes": [
              "email"
            ],
            "creation_date": "2022-08-13T21:40:09Z",
            "custom_domain": "",
            "device_configuration": [],
            "domain": "budgetboy",
            "email_configuration": [
              {
                "configuration_set": "",
                "email_sending_account": "COGNITO_DEFAULT",
                "from_email_address": "",
                "reply_to_email_address": "",
                "source_arn": ""
              }
            ],
            "email_verification_message": null,
            "email_verification_subject": null,
            "endpoint": "cognito-idp.us-east-1.amazonaws.com/us-east-1_PJGF8x1h5",
            "estimated_number_of_users": 3,
            "id": "us-east-1_PJGF8x1h5",
            "lambda_config": [],
            "last_modified_date": "2022-08-13T21:40:09Z",
            "mfa_configuration": "OPTIONAL",
            "name": "Budget Boy",
            "password_policy": [
              {
                "minimum_length": 8,
                "require_lowercase": true,
                "require_numbers": true,
                "require_symbols": true,
                "require_uppercase": true,
                "temporary_password_validity_days": 7
              }
            ],
            "schema": [
              {
                "attribute_data_type": "String",
                "developer_only_attribute": false,
                "mutable": true,
                "name": "email",
                "number_attribute_constraints": [],
                "required": true,
                "string_attribute_constraints": [
                  {
                    "max_length": "2048",
                    "min_length": "0"
                  }
                ]
              }
            ],
            "sms_authentication_message": null,
            "sms_configuration": [],
            "sms_verification_message": null,
            "software_token_mfa_configuration": [
              {
                "enabled": true
              }
            ],
            "tags": {},
            "tags_all": {},
            "user_pool_add_ons": [],
            "username_attributes": [
              "email"
            ],
            "username_configuration": [
              {
                "case_sensitive": false
              }
            ],
            "verification_message_template": [
              {
                "default_email_option": "CONFIRM_WITH_CODE",
                "email_message": "",
                "email_message_by_link": "",
                "email_subject": "",
                "email_subject_by_link": "",
                "sms_message": ""
              }
            ]
          },
          "sensitive_attributes": [],
          "private": "eyJzY2hlbWFfdmVyc2lvbiI6IjAifQ=="
        }
      ]
    },
    {
      "mode": "managed",
      "type": "aws_dynamodb_table",
      "name": "budget_boy_table",
      "provider": "provider[\"registry.terraform.io/hashicorp/aws\"]",
      "instances": [
        {
          "schema_version": 1,
          "attributes": {
            "arn": "arn:aws:dynamodb:us-east-1:139654284650:table/BudgetBoyTable",
            "attribute": [
              {
                "name": "PK",
                "type": "S"
              },
              {
                "name": "SK",
                "type": "S"
              }
            ],
            "billing_mode": "PROVISIONED",
            "global_secondary_index": [
              {
                "hash_key": "SK",
                "name": "SK-PK-index",
                "non_key_attributes": [],
                "projection_type": "ALL",
                "range_key": "PK",
                "read_capacity": 1,
                "write_capacity": 1
              }
            ],
            "hash_key": "PK",
            "id": "BudgetBoyTable",
            "local_secondary_index": [],
            "name": "BudgetBoyTable",
            "point_in_time_recovery": [
              {
                "enabled": false
              }
            ],
            "range_key": "SK",
            "read_capacity": 1,
            "replica": [],
            "restore_date_time": null,
            "restore_source_name": null,
            "restore_to_latest_time": null,
            "server_side_encryption": [],
            "stream_arn": "",
            "stream_enabled": false,
            "stream_label": "",
            "stream_view_type": "",
            "table_class": "STANDARD",
            "tags": {},
            "tags_all": {},
            "timeouts": {
              "create": null,
              "delete": null,
              "update": null
            },
            "ttl": [
              {
                "attribute_name": "",
                "enabled": false
              }
            ],
            "write_capacity": 1
          },
          "sensitive_attributes": [],
          "private": "eyJlMmJmYjczMC1lY2FhLTExZTYtOGY4OC0zNDM2M2JjN2M0YzAiOnsiY3JlYXRlIjoxODAwMDAwMDAwMDAwLCJkZWxldGUiOjYwMDAwMDAwMDAwMCwidXBkYXRlIjozNjAwMDAwMDAwMDAwfSwic2NoZW1hX3ZlcnNpb24iOiIxIn0="
        }
      ]
    },
    {
      "mode": "managed",
      "type": "aws_iam_role",
      "name": "apigw_role",
      "provider": "provider[\"registry.terraform.io/hashicorp/aws\"]",
      "instances": [
        {
          "schema_version": 0,
          "attributes": {
            "arn": "arn:aws:iam::139654284650:role/BudgetBoyAPIGatewayRole",
            "assume_role_policy": "{\"Statement\":[{\"Action\":\"sts:AssumeRole\",\"Effect\":\"Allow\",\"Principal\":{\"Service\":\"apigateway.amazonaws.com\"},\"Sid\":\"\"}],\"Version\":\"2012-10-17\"}",
            "create_date": "2022-08-13T22:28:29Z",
            "description": "Allows API Gateway to push logs to CloudWatch Logs and Send messages to SQS Queues",
            "force_detach_policies": false,
            "id": "BudgetBoyAPIGatewayRole",
            "inline_policy": [],
            "managed_policy_arns": [
              "arn:aws:iam::aws:policy/AWSLambda_FullAccess",
              "arn:aws:iam::aws:policy/AmazonSQSFullAccess",
              "arn:aws:iam::aws:policy/service-role/AmazonAPIGatewayPushToCloudWatchLogs"
            ],
            "max_session_duration": 3600,
            "name": "BudgetBoyAPIGatewayRole",
            "name_prefix": "",
            "path": "/",
            "permissions_boundary": null,
            "tags": {},
            "tags_all": {},
            "unique_id": "AROASBBALIVVOAW6EU7V7"
          },
          "sensitive_attributes": [],
          "private": "eyJzY2hlbWFfdmVyc2lvbiI6IjAifQ=="
        }
      ]
    },
    {
      "mode": "managed",
      "type": "aws_iam_role",
      "name": "eventbridge_role",
      "provider": "provider[\"registry.terraform.io/hashicorp/aws\"]",
      "instances": [
        {
          "schema_version": 0,
          "attributes": {
            "arn": "arn:aws:iam::139654284650:role/BB-EventBridgeRuleRole",
            "assume_role_policy": "{\"Statement\":[{\"Action\":\"sts:AssumeRole\",\"Effect\":\"Allow\",\"Principal\":{\"Service\":\"events.amazonaws.com\"}}],\"Version\":\"2012-10-17\"}",
            "create_date": "2022-08-27T06:06:06Z",
            "description": "",
            "force_detach_policies": false,
            "id": "BB-EventBridgeRuleRole",
            "inline_policy": [],
            "managed_policy_arns": [
              "arn:aws:iam::aws:policy/AmazonSQSFullAccess"
            ],
            "max_session_duration": 3600,
            "name": "BB-EventBridgeRuleRole",
            "name_prefix": "",
            "path": "/",
            "permissions_boundary": null,
            "tags": {},
            "tags_all": {},
            "unique_id": "AROASBBALIVVD5TLVCEPS"
          },
          "sensitive_attributes": [],
          "private": "eyJzY2hlbWFfdmVyc2lvbiI6IjAifQ=="
        }
      ]
    },
    {
      "mode": "managed",
      "type": "aws_iam_role",
      "name": "lambda_role",
      "provider": "provider[\"registry.terraform.io/hashicorp/aws\"]",
      "instances": [
        {
          "schema_version": 0,
          "attributes": {
            "arn": "arn:aws:iam::139654284650:role/BudgetBoyLambdaRole",
            "assume_role_policy": "{\"Statement\":[{\"Action\":\"sts:AssumeRole\",\"Effect\":\"Allow\",\"Principal\":{\"Service\":\"lambda.amazonaws.com\"}}],\"Version\":\"2012-10-17\"}",
            "create_date": "2022-08-14T03:19:25Z",
            "description": "Allows Lambda functions access to SQS Queues, EventBridge, and RDS",
            "force_detach_policies": false,
            "id": "BudgetBoyLambdaRole",
            "inline_policy": [],
            "managed_policy_arns": [
              "arn:aws:iam::aws:policy/AmazonDynamoDBFullAccess",
              "arn:aws:iam::aws:policy/AmazonEventBridgeFullAccess",
              "arn:aws:iam::aws:policy/AmazonSQSFullAccess",
              "arn:aws:iam::aws:policy/service-role/AWSLambdaSQSQueueExecutionRole"
            ],
            "max_session_duration": 3600,
            "name": "BudgetBoyLambdaRole",
            "name_prefix": "",
            "path": "/",
            "permissions_boundary": null,
            "tags": {},
            "tags_all": {},
            "unique_id": "AROASBBALIVVH2TJKEPIR"
          },
          "sensitive_attributes": [],
          "private": "eyJzY2hlbWFfdmVyc2lvbiI6IjAifQ=="
        }
      ]
    },
    {
      "mode": "managed",
      "type": "aws_lambda_event_source_mapping",
      "name": "clear_budget_queue_to_lambda",
      "provider": "provider[\"registry.terraform.io/hashicorp/aws\"]",
      "instances": [
        {
          "schema_version": 0,
          "attributes": {
            "batch_size": 10,
            "bisect_batch_on_function_error": false,
            "destination_config": [],
            "enabled": true,
            "event_source_arn": "arn:aws:sqs:us-east-1:139654284650:BB-Clear-Budget-Queue",
            "filter_criteria": [],
            "function_arn": "arn:aws:lambda:us-east-1:139654284650:function:BB-Clear-Budget-Lambda",
            "function_name": "arn:aws:lambda:us-east-1:139654284650:function:BB-Clear-Budget-Lambda",
            "function_response_types": [],
            "id": "5386c4a6-927a-4fd7-88b8-556aa1c90e74",
            "last_modified": "2022-08-27T04:37:24Z",
            "last_processing_result": "",
            "maximum_batching_window_in_seconds": 0,
            "maximum_record_age_in_seconds": 0,
            "maximum_retry_attempts": 0,
            "parallelization_factor": 0,
            "queues": [],
            "self_managed_event_source": [],
            "source_access_configuration": [],
            "starting_position": "",
            "starting_position_timestamp": "",
            "state": "Enabled",
            "state_transition_reason": "USER_INITIATED",
            "topics": [],
            "tumbling_window_in_seconds": 0,
            "uuid": "5386c4a6-927a-4fd7-88b8-556aa1c90e74"
          },
          "sensitive_attributes": [],
          "private": "eyJzY2hlbWFfdmVyc2lvbiI6IjAifQ==",
          "dependencies": [
            "aws_iam_role.lambda_role",
            "aws_lambda_function.clear_budget",
            "aws_sqs_queue.clear_budget_dlq",
            "aws_sqs_queue.clear_budget_queue"
          ]
        }
      ]
    },
    {
      "mode": "managed",
      "type": "aws_lambda_function",
      "name": "clear_budget",
      "provider": "provider[\"registry.terraform.io/hashicorp/aws\"]",
      "instances": [
        {
          "schema_version": 0,
          "attributes": {
            "architectures": [
              "x86_64"
            ],
            "arn": "arn:aws:lambda:us-east-1:139654284650:function:BB-Clear-Budget-Lambda",
            "code_signing_config_arn": "",
            "dead_letter_config": [],
            "description": "",
            "environment": [],
            "ephemeral_storage": [
              {
                "size": 512
              }
            ],
            "file_system_config": [],
            "filename": "./LambdaCodeFiles/TFzips/BB-Clear-Budget-Lambda.zip",
            "function_name": "BB-Clear-Budget-Lambda",
            "handler": "BB-Clear-Budget-Lambda.lambda_handler",
            "id": "BB-Clear-Budget-Lambda",
            "image_config": [],
            "image_uri": "",
            "invoke_arn": "arn:aws:apigateway:us-east-1:lambda:path/2015-03-31/functions/arn:aws:lambda:us-east-1:139654284650:function:BB-Clear-Budget-Lambda/invocations",
            "kms_key_arn": "",
            "last_modified": "2022-08-31T18:11:27.000+0000",
            "layers": [],
            "memory_size": 128,
            "package_type": "Zip",
            "publish": false,
            "qualified_arn": "arn:aws:lambda:us-east-1:139654284650:function:BB-Clear-Budget-Lambda:$LATEST",
            "reserved_concurrent_executions": -1,
            "role": "arn:aws:iam::139654284650:role/BudgetBoyLambdaRole",
            "runtime": "python3.9",
            "s3_bucket": null,
            "s3_key": null,
            "s3_object_version": null,
            "signing_job_arn": "",
            "signing_profile_version_arn": "",
            "source_code_hash": "fzJ7VRrnYkxvjHBP9TrdHinyiBz1evg60eugMeV/3n0=",
            "source_code_size": 1061,
            "tags": {},
            "tags_all": {},
            "timeout": 3,
            "timeouts": {
              "create": null
            },
            "tracing_config": [
              {
                "mode": "PassThrough"
              }
            ],
            "version": "$LATEST",
            "vpc_config": []
          },
          "sensitive_attributes": [],
          "private": "eyJlMmJmYjczMC1lY2FhLTExZTYtOGY4OC0zNDM2M2JjN2M0YzAiOnsiY3JlYXRlIjo2MDAwMDAwMDAwMDB9fQ==",
          "dependencies": [
            "aws_iam_role.lambda_role"
          ]
        }
      ]
    },
    {
      "mode": "managed",
      "type": "aws_lambda_function",
      "name": "create_budget",
      "provider": "provider[\"registry.terraform.io/hashicorp/aws\"]",
      "instances": [
        {
          "schema_version": 0,
          "attributes": {
            "architectures": [
              "x86_64"
            ],
            "arn": "arn:aws:lambda:us-east-1:139654284650:function:BB-Create-Budget-Lambda",
            "code_signing_config_arn": "",
            "dead_letter_config": [],
            "description": "",
            "environment": [],
            "ephemeral_storage": [
              {
                "size": 512
              }
            ],
            "file_system_config": [],
            "filename": "./LambdaCodeFiles/TFzips/BB-Create-Budget-Lambda.zip",
            "function_name": "BB-Create-Budget-Lambda",
            "handler": "BB-Create-Budget-Lambda.lambda_handler",
            "id": "BB-Create-Budget-Lambda",
            "image_config": [],
            "image_uri": "",
            "invoke_arn": "arn:aws:apigateway:us-east-1:lambda:path/2015-03-31/functions/arn:aws:lambda:us-east-1:139654284650:function:BB-Create-Budget-Lambda/invocations",
            "kms_key_arn": "",
            "last_modified": "2022-09-25T02:44:40.000+0000",
            "layers": [],
            "memory_size": 128,
            "package_type": "Zip",
            "publish": false,
            "qualified_arn": "arn:aws:lambda:us-east-1:139654284650:function:BB-Create-Budget-Lambda:$LATEST",
            "reserved_concurrent_executions": -1,
            "role": "arn:aws:iam::139654284650:role/BudgetBoyLambdaRole",
            "runtime": "python3.9",
            "s3_bucket": null,
            "s3_key": null,
            "s3_object_version": null,
            "signing_job_arn": "",
            "signing_profile_version_arn": "",
            "source_code_hash": "IorDp3F0qcass8c8RvepV1crBAkeHlCkSQfjzaNM8hY=",
            "source_code_size": 1576,
            "tags": {},
            "tags_all": {},
            "timeout": 3,
            "timeouts": {
              "create": null
            },
            "tracing_config": [
              {
                "mode": "PassThrough"
              }
            ],
            "version": "$LATEST",
            "vpc_config": []
          },
          "sensitive_attributes": [],
          "private": "eyJlMmJmYjczMC1lY2FhLTExZTYtOGY4OC0zNDM2M2JjN2M0YzAiOnsiY3JlYXRlIjo2MDAwMDAwMDAwMDB9fQ==",
          "dependencies": [
            "aws_iam_role.lambda_role"
          ]
        }
      ]
    },
    {
      "mode": "managed",
      "type": "aws_lambda_function",
      "name": "delete_budget",
      "provider": "provider[\"registry.terraform.io/hashicorp/aws\"]",
      "instances": [
        {
          "schema_version": 0,
          "attributes": {
            "architectures": [
              "x86_64"
            ],
            "arn": "arn:aws:lambda:us-east-1:139654284650:function:BB-Delete-Budget-Lambda",
            "code_signing_config_arn": "",
            "dead_letter_config": [],
            "description": "",
            "environment": [],
            "ephemeral_storage": [
              {
                "size": 512
              }
            ],
            "file_system_config": [],
            "filename": "./LambdaCodeFiles/TFzips/BB-Delete-Budget-Lambda.zip",
            "function_name": "BB-Delete-Budget-Lambda",
            "handler": "BB-Delete-Budget-Lambda.lambda_handler",
            "id": "BB-Delete-Budget-Lambda",
            "image_config": [],
            "image_uri": "",
            "invoke_arn": "arn:aws:apigateway:us-east-1:lambda:path/2015-03-31/functions/arn:aws:lambda:us-east-1:139654284650:function:BB-Delete-Budget-Lambda/invocations",
            "kms_key_arn": "",
            "last_modified": "2022-08-31T18:52:27.000+0000",
            "layers": [],
            "memory_size": 128,
            "package_type": "Zip",
            "publish": false,
            "qualified_arn": "arn:aws:lambda:us-east-1:139654284650:function:BB-Delete-Budget-Lambda:$LATEST",
            "reserved_concurrent_executions": -1,
            "role": "arn:aws:iam::139654284650:role/BudgetBoyLambdaRole",
            "runtime": "python3.9",
            "s3_bucket": null,
            "s3_key": null,
            "s3_object_version": null,
            "signing_job_arn": "",
            "signing_profile_version_arn": "",
            "source_code_hash": "QOyNvFmgyH/xeCcQlesrvhmIwdqB9qwTF/QaIg03Vjs=",
            "source_code_size": 1260,
            "tags": {},
            "tags_all": {},
            "timeout": 3,
            "timeouts": {
              "create": null
            },
            "tracing_config": [
              {
                "mode": "PassThrough"
              }
            ],
            "version": "$LATEST",
            "vpc_config": []
          },
          "sensitive_attributes": [],
          "private": "eyJlMmJmYjczMC1lY2FhLTExZTYtOGY4OC0zNDM2M2JjN2M0YzAiOnsiY3JlYXRlIjo2MDAwMDAwMDAwMDB9fQ==",
          "dependencies": [
            "aws_iam_role.lambda_role"
          ]
        }
      ]
    },
    {
      "mode": "managed",
      "type": "aws_lambda_function",
      "name": "get_budgets",
      "provider": "provider[\"registry.terraform.io/hashicorp/aws\"]",
      "instances": [
        {
          "schema_version": 0,
          "attributes": {
            "architectures": [
              "x86_64"
            ],
            "arn": "arn:aws:lambda:us-east-1:139654284650:function:BB-Get-Budgets-Lambda",
            "code_signing_config_arn": "",
            "dead_letter_config": [],
            "description": "",
            "environment": [],
            "ephemeral_storage": [
              {
                "size": 512
              }
            ],
            "file_system_config": [],
            "filename": "./LambdaCodeFiles/TFzips/BB-Get-Budgets-Lambda.zip",
            "function_name": "BB-Get-Budgets-Lambda",
            "handler": "BB-Get-Budgets-Lambda.lambda_handler",
            "id": "BB-Get-Budgets-Lambda",
            "image_config": [],
            "image_uri": "",
            "invoke_arn": "arn:aws:apigateway:us-east-1:lambda:path/2015-03-31/functions/arn:aws:lambda:us-east-1:139654284650:function:BB-Get-Budgets-Lambda/invocations",
            "kms_key_arn": "",
            "last_modified": "2022-09-10T19:12:32.000+0000",
            "layers": [],
            "memory_size": 128,
            "package_type": "Zip",
            "publish": false,
            "qualified_arn": "arn:aws:lambda:us-east-1:139654284650:function:BB-Get-Budgets-Lambda:$LATEST",
            "reserved_concurrent_executions": -1,
            "role": "arn:aws:iam::139654284650:role/BudgetBoyLambdaRole",
            "runtime": "python3.9",
            "s3_bucket": null,
            "s3_key": null,
            "s3_object_version": null,
            "signing_job_arn": "",
            "signing_profile_version_arn": "",
            "source_code_hash": "aAR3/MmwdpB2t3txosZ4yEFVAHHjwAFNXVOIuOOPg00=",
            "source_code_size": 771,
            "tags": {},
            "tags_all": {},
            "timeout": 3,
            "timeouts": {
              "create": null
            },
            "tracing_config": [
              {
                "mode": "PassThrough"
              }
            ],
            "version": "$LATEST",
            "vpc_config": []
          },
          "sensitive_attributes": [],
          "private": "eyJlMmJmYjczMC1lY2FhLTExZTYtOGY4OC0zNDM2M2JjN2M0YzAiOnsiY3JlYXRlIjo2MDAwMDAwMDAwMDB9fQ==",
          "dependencies": [
            "aws_iam_role.lambda_role"
          ]
        }
      ]
    },
    {
      "mode": "managed",
      "type": "aws_lambda_function",
      "name": "get_categories",
      "provider": "provider[\"registry.terraform.io/hashicorp/aws\"]",
      "instances": [
        {
          "schema_version": 0,
          "attributes": {
            "architectures": [
              "x86_64"
            ],
            "arn": "arn:aws:lambda:us-east-1:139654284650:function:BB-Get-Categories-Lambda",
            "code_signing_config_arn": "",
            "dead_letter_config": [],
            "description": "",
            "environment": [],
            "ephemeral_storage": [
              {
                "size": 512
              }
            ],
            "file_system_config": [],
            "filename": "./LambdaCodeFiles/TFzips/BB-Get-Categories-Lambda.zip",
            "function_name": "BB-Get-Categories-Lambda",
            "handler": "BB-Get-Categories-Lambda.lambda_handler",
            "id": "BB-Get-Categories-Lambda",
            "image_config": [],
            "image_uri": "",
            "invoke_arn": "arn:aws:apigateway:us-east-1:lambda:path/2015-03-31/functions/arn:aws:lambda:us-east-1:139654284650:function:BB-Get-Categories-Lambda/invocations",
            "kms_key_arn": "",
            "last_modified": "2022-09-15T00:45:06.000+0000",
            "layers": [],
            "memory_size": 128,
            "package_type": "Zip",
            "publish": false,
            "qualified_arn": "arn:aws:lambda:us-east-1:139654284650:function:BB-Get-Categories-Lambda:$LATEST",
            "reserved_concurrent_executions": -1,
            "role": "arn:aws:iam::139654284650:role/BudgetBoyLambdaRole",
            "runtime": "python3.9",
            "s3_bucket": null,
            "s3_key": null,
            "s3_object_version": null,
            "signing_job_arn": "",
            "signing_profile_version_arn": "",
            "source_code_hash": "+V1XYIoeRM3b/Pfnfvj+E7ij2X3A0jujDxvFDoJL+To=",
            "source_code_size": 940,
            "tags": {},
            "tags_all": {},
            "timeout": 3,
            "timeouts": {
              "create": null
            },
            "tracing_config": [
              {
                "mode": "PassThrough"
              }
            ],
            "version": "$LATEST",
            "vpc_config": []
          },
          "sensitive_attributes": [],
          "private": "eyJlMmJmYjczMC1lY2FhLTExZTYtOGY4OC0zNDM2M2JjN2M0YzAiOnsiY3JlYXRlIjo2MDAwMDAwMDAwMDB9fQ==",
          "dependencies": [
            "aws_iam_role.lambda_role"
          ]
        }
      ]
    },
    {
      "mode": "managed",
      "type": "aws_lambda_function",
      "name": "get_reportdata",
      "provider": "provider[\"registry.terraform.io/hashicorp/aws\"]",
      "instances": [
        {
          "schema_version": 0,
          "attributes": {
            "architectures": [
              "x86_64"
            ],
            "arn": "arn:aws:lambda:us-east-1:139654284650:function:BB-Get-ReportData-Lambda",
            "code_signing_config_arn": "",
            "dead_letter_config": [],
            "description": "",
            "environment": [],
            "ephemeral_storage": [
              {
                "size": 512
              }
            ],
            "file_system_config": [],
            "filename": "./LambdaCodeFiles/TFzips/BB-Get-ReportData-Lambda.zip",
            "function_name": "BB-Get-ReportData-Lambda",
            "handler": "BB-Get-ReportData-Lambda.lambda_handler",
            "id": "BB-Get-ReportData-Lambda",
            "image_config": [],
            "image_uri": "",
            "invoke_arn": "arn:aws:apigateway:us-east-1:lambda:path/2015-03-31/functions/arn:aws:lambda:us-east-1:139654284650:function:BB-Get-ReportData-Lambda/invocations",
            "kms_key_arn": "",
            "last_modified": "2022-08-31T18:52:10.000+0000",
            "layers": [],
            "memory_size": 128,
            "package_type": "Zip",
            "publish": false,
            "qualified_arn": "arn:aws:lambda:us-east-1:139654284650:function:BB-Get-ReportData-Lambda:$LATEST",
            "reserved_concurrent_executions": -1,
            "role": "arn:aws:iam::139654284650:role/BudgetBoyLambdaRole",
            "runtime": "python3.9",
            "s3_bucket": null,
            "s3_key": null,
            "s3_object_version": null,
            "signing_job_arn": "",
            "signing_profile_version_arn": "",
            "source_code_hash": "eBpeZsQOaydIBXrDb9QlKx7VhQVYkrOMpQuaPQtdRgY=",
            "source_code_size": 1004,
            "tags": {},
            "tags_all": {},
            "timeout": 3,
            "timeouts": {
              "create": null
            },
            "tracing_config": [
              {
                "mode": "PassThrough"
              }
            ],
            "version": "$LATEST",
            "vpc_config": []
          },
          "sensitive_attributes": [],
          "private": "eyJlMmJmYjczMC1lY2FhLTExZTYtOGY4OC0zNDM2M2JjN2M0YzAiOnsiY3JlYXRlIjo2MDAwMDAwMDAwMDB9fQ==",
          "dependencies": [
            "aws_iam_role.lambda_role"
          ]
        }
      ]
    },
    {
      "mode": "managed",
      "type": "aws_lambda_function",
      "name": "get_userswithaccess",
      "provider": "provider[\"registry.terraform.io/hashicorp/aws\"]",
      "instances": [
        {
          "schema_version": 0,
          "attributes": {
            "architectures": [
              "x86_64"
            ],
            "arn": "arn:aws:lambda:us-east-1:139654284650:function:BB-Get-UsersWithAccess-Lambda",
            "code_signing_config_arn": "",
            "dead_letter_config": [],
            "description": "",
            "environment": [],
            "ephemeral_storage": [
              {
                "size": 512
              }
            ],
            "file_system_config": [],
            "filename": "./LambdaCodeFiles/TFzips/BB-Get-UsersWithAccess-Lambda.zip",
            "function_name": "BB-Get-UsersWithAccess-Lambda",
            "handler": "BB-Get-UsersWithAccess-Lambda.lambda_handler",
            "id": "BB-Get-UsersWithAccess-Lambda",
            "image_config": [],
            "image_uri": "",
            "invoke_arn": "arn:aws:apigateway:us-east-1:lambda:path/2015-03-31/functions/arn:aws:lambda:us-east-1:139654284650:function:BB-Get-UsersWithAccess-Lambda/invocations",
            "kms_key_arn": "",
            "last_modified": "2022-08-31T18:52:21.000+0000",
            "layers": [],
            "memory_size": 128,
            "package_type": "Zip",
            "publish": false,
            "qualified_arn": "arn:aws:lambda:us-east-1:139654284650:function:BB-Get-UsersWithAccess-Lambda:$LATEST",
            "reserved_concurrent_executions": -1,
            "role": "arn:aws:iam::139654284650:role/BudgetBoyLambdaRole",
            "runtime": "python3.9",
            "s3_bucket": null,
            "s3_key": null,
            "s3_object_version": null,
            "signing_job_arn": "",
            "signing_profile_version_arn": "",
            "source_code_hash": "/RfVUPMO01s/JnOrtb9nVcxYQITE4w9YL1nFLr10lFE=",
            "source_code_size": 1068,
            "tags": {},
            "tags_all": {},
            "timeout": 3,
            "timeouts": {
              "create": null
            },
            "tracing_config": [
              {
                "mode": "PassThrough"
              }
            ],
            "version": "$LATEST",
            "vpc_config": []
          },
          "sensitive_attributes": [],
          "private": "eyJlMmJmYjczMC1lY2FhLTExZTYtOGY4OC0zNDM2M2JjN2M0YzAiOnsiY3JlYXRlIjo2MDAwMDAwMDAwMDB9fQ==",
          "dependencies": [
            "aws_iam_role.lambda_role"
          ]
        }
      ]
    },
    {
      "mode": "managed",
      "type": "aws_lambda_function",
      "name": "share_budget",
      "provider": "provider[\"registry.terraform.io/hashicorp/aws\"]",
      "instances": [
        {
          "schema_version": 0,
          "attributes": {
            "architectures": [
              "x86_64"
            ],
            "arn": "arn:aws:lambda:us-east-1:139654284650:function:BB-Share-Budget-Lambda",
            "code_signing_config_arn": "",
            "dead_letter_config": [],
            "description": "",
            "environment": [],
            "ephemeral_storage": [
              {
                "size": 512
              }
            ],
            "file_system_config": [],
            "filename": "./LambdaCodeFiles/TFzips/BB-Share-Budget-Lambda.zip",
            "function_name": "BB-Share-Budget-Lambda",
            "handler": "BB-Share-Budget-Lambda.lambda_handler",
            "id": "BB-Share-Budget-Lambda",
            "image_config": [],
            "image_uri": "",
            "invoke_arn": "arn:aws:apigateway:us-east-1:lambda:path/2015-03-31/functions/arn:aws:lambda:us-east-1:139654284650:function:BB-Share-Budget-Lambda/invocations",
            "kms_key_arn": "",
            "last_modified": "2022-08-31T18:52:05.000+0000",
            "layers": [],
            "memory_size": 128,
            "package_type": "Zip",
            "publish": false,
            "qualified_arn": "arn:aws:lambda:us-east-1:139654284650:function:BB-Share-Budget-Lambda:$LATEST",
            "reserved_concurrent_executions": -1,
            "role": "arn:aws:iam::139654284650:role/BudgetBoyLambdaRole",
            "runtime": "python3.9",
            "s3_bucket": null,
            "s3_key": null,
            "s3_object_version": null,
            "signing_job_arn": "",
            "signing_profile_version_arn": "",
            "source_code_hash": "NIqHeT0OGpaeqIvhdHEaBeWIXo1i4Wyr/Teelo0ANT0=",
            "source_code_size": 1433,
            "tags": {},
            "tags_all": {},
            "timeout": 3,
            "timeouts": {
              "create": null
            },
            "tracing_config": [
              {
                "mode": "PassThrough"
              }
            ],
            "version": "$LATEST",
            "vpc_config": []
          },
          "sensitive_attributes": [],
          "private": "eyJlMmJmYjczMC1lY2FhLTExZTYtOGY4OC0zNDM2M2JjN2M0YzAiOnsiY3JlYXRlIjo2MDAwMDAwMDAwMDB9fQ==",
          "dependencies": [
            "aws_iam_role.lambda_role"
          ]
        }
      ]
    },
    {
      "mode": "managed",
      "type": "aws_lambda_function",
      "name": "update_budget",
      "provider": "provider[\"registry.terraform.io/hashicorp/aws\"]",
      "instances": [
        {
          "schema_version": 0,
          "attributes": {
            "architectures": [
              "x86_64"
            ],
            "arn": "arn:aws:lambda:us-east-1:139654284650:function:BB-Update-Budget-Lambda",
            "code_signing_config_arn": "",
            "dead_letter_config": [],
            "description": "",
            "environment": [],
            "ephemeral_storage": [
              {
                "size": 512
              }
            ],
            "file_system_config": [],
            "filename": "./LambdaCodeFiles/TFzips/BB-Update-Budget-Lambda.zip",
            "function_name": "BB-Update-Budget-Lambda",
            "handler": "BB-Update-Budget-Lambda.lambda_handler",
            "id": "BB-Update-Budget-Lambda",
            "image_config": [],
            "image_uri": "",
            "invoke_arn": "arn:aws:apigateway:us-east-1:lambda:path/2015-03-31/functions/arn:aws:lambda:us-east-1:139654284650:function:BB-Update-Budget-Lambda/invocations",
            "kms_key_arn": "",
            "last_modified": "2022-09-17T21:57:17.000+0000",
            "layers": [],
            "memory_size": 128,
            "package_type": "Zip",
            "publish": false,
            "qualified_arn": "arn:aws:lambda:us-east-1:139654284650:function:BB-Update-Budget-Lambda:$LATEST",
            "reserved_concurrent_executions": -1,
            "role": "arn:aws:iam::139654284650:role/BudgetBoyLambdaRole",
            "runtime": "python3.9",
            "s3_bucket": null,
            "s3_key": null,
            "s3_object_version": null,
            "signing_job_arn": "",
            "signing_profile_version_arn": "",
            "source_code_hash": "jjIFhQUiheNjy/UyAUSepoDAew/yEw1d407AsACk6So=",
            "source_code_size": 2168,
            "tags": {},
            "tags_all": {},
            "timeout": 3,
            "timeouts": {
              "create": null
            },
            "tracing_config": [
              {
                "mode": "PassThrough"
              }
            ],
            "version": "$LATEST",
            "vpc_config": []
          },
          "sensitive_attributes": [],
          "private": "eyJlMmJmYjczMC1lY2FhLTExZTYtOGY4OC0zNDM2M2JjN2M0YzAiOnsiY3JlYXRlIjo2MDAwMDAwMDAwMDB9fQ==",
          "dependencies": [
            "aws_iam_role.lambda_role"
          ]
        }
      ]
    },
    {
      "mode": "managed",
      "type": "aws_lambda_permission",
      "name": "delete_budgets_permission",
      "provider": "provider[\"registry.terraform.io/hashicorp/aws\"]",
      "instances": [
        {
          "schema_version": 0,
          "attributes": {
            "action": "lambda:InvokeFunction",
            "event_source_token": null,
            "function_name": "arn:aws:lambda:us-east-1:139654284650:function:BB-Delete-Budget-Lambda",
            "function_url_auth_type": null,
            "id": "1a01c9ac-26bd-40e2-91a5-981859c9230f",
            "principal": "apigateway.amazonaws.com",
            "principal_org_id": null,
            "qualifier": "",
            "source_account": null,
            "source_arn": "arn:aws:execute-api:us-east-1:139654284650:82u01p1v58/*/DELETE/budgets",
            "statement_id": "1a01c9ac-26bd-40e2-91a5-981859c9230f",
            "statement_id_prefix": ""
          },
          "sensitive_attributes": [],
          "private": "eyJzY2hlbWFfdmVyc2lvbiI6IjAifQ==",
          "dependencies": [
            "aws_api_gateway_authorizer.bb-cognito",
            "aws_api_gateway_method.delete_budgets_method",
            "aws_api_gateway_request_validator.parameters",
            "aws_api_gateway_resource.budgets",
            "aws_api_gateway_rest_api.bb_api",
            "aws_iam_role.lambda_role",
            "aws_lambda_function.delete_budget",
            "data.aws_cognito_user_pools.budget_boy_data"
          ]
        }
      ]
    },
    {
      "mode": "managed",
      "type": "aws_lambda_permission",
      "name": "get_budgets_permission",
      "provider": "provider[\"registry.terraform.io/hashicorp/aws\"]",
      "instances": [
        {
          "schema_version": 0,
          "attributes": {
            "action": "lambda:InvokeFunction",
            "event_source_token": null,
            "function_name": "arn:aws:lambda:us-east-1:139654284650:function:BB-Get-Budgets-Lambda",
            "function_url_auth_type": null,
            "id": "7a0f6a62-e5b6-4216-a4c5-525d8c0a162a",
            "principal": "apigateway.amazonaws.com",
            "principal_org_id": null,
            "qualifier": "",
            "source_account": null,
            "source_arn": "arn:aws:execute-api:us-east-1:139654284650:82u01p1v58/*/GET/budgets",
            "statement_id": "7a0f6a62-e5b6-4216-a4c5-525d8c0a162a",
            "statement_id_prefix": ""
          },
          "sensitive_attributes": [],
          "private": "eyJzY2hlbWFfdmVyc2lvbiI6IjAifQ==",
          "dependencies": [
            "aws_api_gateway_authorizer.bb-cognito",
            "aws_api_gateway_method.get_budgets_method",
            "aws_api_gateway_resource.budgets",
            "aws_api_gateway_rest_api.bb_api",
            "aws_iam_role.lambda_role",
            "aws_lambda_function.get_budgets",
            "data.aws_cognito_user_pools.budget_boy_data"
          ]
        }
      ]
    },
    {
      "mode": "managed",
      "type": "aws_lambda_permission",
      "name": "get_budgets_sharing_permission",
      "provider": "provider[\"registry.terraform.io/hashicorp/aws\"]",
      "instances": [
        {
          "schema_version": 0,
          "attributes": {
            "action": "lambda:InvokeFunction",
            "event_source_token": null,
            "function_name": "arn:aws:lambda:us-east-1:139654284650:function:BB-Get-UsersWithAccess-Lambda",
            "function_url_auth_type": null,
            "id": "e9b2a487-6236-4dea-9828-6f2b6832e57d",
            "principal": "apigateway.amazonaws.com",
            "principal_org_id": null,
            "qualifier": "",
            "source_account": null,
            "source_arn": "arn:aws:execute-api:us-east-1:139654284650:82u01p1v58/*/GET/budgets/sharing",
            "statement_id": "e9b2a487-6236-4dea-9828-6f2b6832e57d",
            "statement_id_prefix": ""
          },
          "sensitive_attributes": [],
          "private": "eyJzY2hlbWFfdmVyc2lvbiI6IjAifQ==",
          "dependencies": [
            "aws_api_gateway_authorizer.bb-cognito",
            "aws_api_gateway_method.get_budgets_sharing_method",
            "aws_api_gateway_request_validator.parameters",
            "aws_api_gateway_resource.budgets",
            "aws_api_gateway_resource.budgets_sharing",
            "aws_api_gateway_rest_api.bb_api",
            "aws_iam_role.lambda_role",
            "aws_lambda_function.get_userswithaccess",
            "data.aws_cognito_user_pools.budget_boy_data"
          ]
        }
      ]
    },
    {
      "mode": "managed",
      "type": "aws_lambda_permission",
      "name": "get_categories_permission",
      "provider": "provider[\"registry.terraform.io/hashicorp/aws\"]",
      "instances": [
        {
          "schema_version": 0,
          "attributes": {
            "action": "lambda:InvokeFunction",
            "event_source_token": null,
            "function_name": "arn:aws:lambda:us-east-1:139654284650:function:BB-Get-Categories-Lambda",
            "function_url_auth_type": null,
            "id": "6fd92484-9597-444b-8170-3f4ce419cf08",
            "principal": "apigateway.amazonaws.com",
            "principal_org_id": null,
            "qualifier": "",
            "source_account": null,
            "source_arn": "arn:aws:execute-api:us-east-1:139654284650:82u01p1v58/*/GET/categories",
            "statement_id": "6fd92484-9597-444b-8170-3f4ce419cf08",
            "statement_id_prefix": ""
          },
          "sensitive_attributes": [],
          "private": "eyJzY2hlbWFfdmVyc2lvbiI6IjAifQ==",
          "dependencies": [
            "aws_api_gateway_authorizer.bb-cognito",
            "aws_api_gateway_method.get_categories_method",
            "aws_api_gateway_request_validator.parameters",
            "aws_api_gateway_resource.categories",
            "aws_api_gateway_rest_api.bb_api",
            "aws_iam_role.lambda_role",
            "aws_lambda_function.get_categories",
            "data.aws_cognito_user_pools.budget_boy_data"
          ]
        }
      ]
    },
    {
      "mode": "managed",
      "type": "aws_lambda_permission",
      "name": "get_reportdata_permission",
      "provider": "provider[\"registry.terraform.io/hashicorp/aws\"]",
      "instances": [
        {
          "schema_version": 0,
          "attributes": {
            "action": "lambda:InvokeFunction",
            "event_source_token": null,
            "function_name": "arn:aws:lambda:us-east-1:139654284650:function:BB-Get-ReportData-Lambda",
            "function_url_auth_type": null,
            "id": "90b96582-de2f-41e8-91cd-a4999ef80000",
            "principal": "apigateway.amazonaws.com",
            "principal_org_id": null,
            "qualifier": "",
            "source_account": null,
            "source_arn": "arn:aws:execute-api:us-east-1:139654284650:82u01p1v58/*/GET/reportdata",
            "statement_id": "90b96582-de2f-41e8-91cd-a4999ef80000",
            "statement_id_prefix": ""
          },
          "sensitive_attributes": [],
          "private": "eyJzY2hlbWFfdmVyc2lvbiI6IjAifQ==",
          "dependencies": [
            "aws_api_gateway_authorizer.bb-cognito",
            "aws_api_gateway_method.get_reportdata_method",
            "aws_api_gateway_request_validator.parameters",
            "aws_api_gateway_resource.reportdata",
            "aws_api_gateway_rest_api.bb_api",
            "aws_iam_role.lambda_role",
            "aws_lambda_function.get_reportdata",
            "data.aws_cognito_user_pools.budget_boy_data"
          ]
        }
      ]
    },
    {
      "mode": "managed",
      "type": "aws_lambda_permission",
      "name": "post_budgets_permission",
      "provider": "provider[\"registry.terraform.io/hashicorp/aws\"]",
      "instances": [
        {
          "schema_version": 0,
          "attributes": {
            "action": "lambda:InvokeFunction",
            "event_source_token": null,
            "function_name": "arn:aws:lambda:us-east-1:139654284650:function:BB-Create-Budget-Lambda",
            "function_url_auth_type": null,
            "id": "ecd9a141-e5dc-463d-9be9-5cef52f95c40",
            "principal": "apigateway.amazonaws.com",
            "principal_org_id": null,
            "qualifier": "",
            "source_account": null,
            "source_arn": "arn:aws:execute-api:us-east-1:139654284650:82u01p1v58/*/POST/budgets",
            "statement_id": "ecd9a141-e5dc-463d-9be9-5cef52f95c40",
            "statement_id_prefix": ""
          },
          "sensitive_attributes": [],
          "private": "eyJzY2hlbWFfdmVyc2lvbiI6IjAifQ==",
          "dependencies": [
            "aws_api_gateway_authorizer.bb-cognito",
            "aws_api_gateway_method.post_budgets_method",
            "aws_api_gateway_resource.budgets",
            "aws_api_gateway_rest_api.bb_api",
            "aws_iam_role.lambda_role",
            "aws_lambda_function.create_budget",
            "data.aws_cognito_user_pools.budget_boy_data"
          ]
        }
      ]
    },
    {
      "mode": "managed",
      "type": "aws_lambda_permission",
      "name": "put_budgets_permission",
      "provider": "provider[\"registry.terraform.io/hashicorp/aws\"]",
      "instances": [
        {
          "schema_version": 0,
          "attributes": {
            "action": "lambda:InvokeFunction",
            "event_source_token": null,
            "function_name": "arn:aws:lambda:us-east-1:139654284650:function:BB-Update-Budget-Lambda",
            "function_url_auth_type": null,
            "id": "bfc42cb8-acd1-4bd1-a75e-5587400bf389",
            "principal": "apigateway.amazonaws.com",
            "principal_org_id": null,
            "qualifier": "",
            "source_account": null,
            "source_arn": "arn:aws:execute-api:us-east-1:139654284650:82u01p1v58/*/PUT/budgets",
            "statement_id": "bfc42cb8-acd1-4bd1-a75e-5587400bf389",
            "statement_id_prefix": ""
          },
          "sensitive_attributes": [],
          "private": "eyJzY2hlbWFfdmVyc2lvbiI6IjAifQ==",
          "dependencies": [
            "aws_api_gateway_authorizer.bb-cognito",
            "aws_api_gateway_method.put_budgets_method",
            "aws_api_gateway_request_validator.parameters",
            "aws_api_gateway_resource.budgets",
            "aws_api_gateway_rest_api.bb_api",
            "aws_iam_role.lambda_role",
            "aws_lambda_function.update_budget",
            "data.aws_cognito_user_pools.budget_boy_data"
          ]
        }
      ]
    },
    {
      "mode": "managed",
      "type": "aws_lambda_permission",
      "name": "put_budgets_sharing_permission",
      "provider": "provider[\"registry.terraform.io/hashicorp/aws\"]",
      "instances": [
        {
          "schema_version": 0,
          "attributes": {
            "action": "lambda:InvokeFunction",
            "event_source_token": null,
            "function_name": "arn:aws:lambda:us-east-1:139654284650:function:BB-Share-Budget-Lambda",
            "function_url_auth_type": null,
            "id": "c6aeb816-27c5-4e06-b096-b0d0d3c125d8",
            "principal": "apigateway.amazonaws.com",
            "principal_org_id": null,
            "qualifier": "",
            "source_account": null,
            "source_arn": "arn:aws:execute-api:us-east-1:139654284650:82u01p1v58/*/PUT/budgets/sharing",
            "statement_id": "c6aeb816-27c5-4e06-b096-b0d0d3c125d8",
            "statement_id_prefix": ""
          },
          "sensitive_attributes": [],
          "private": "eyJzY2hlbWFfdmVyc2lvbiI6IjAifQ==",
          "dependencies": [
            "aws_api_gateway_authorizer.bb-cognito",
            "aws_api_gateway_method.put_budgets_sharing_method",
            "aws_api_gateway_request_validator.parameters",
            "aws_api_gateway_resource.budgets",
            "aws_api_gateway_resource.budgets_sharing",
            "aws_api_gateway_rest_api.bb_api",
            "aws_iam_role.lambda_role",
            "aws_lambda_function.share_budget",
            "data.aws_cognito_user_pools.budget_boy_data"
          ]
        }
      ]
    },
    {
      "mode": "managed",
      "type": "aws_sqs_queue",
      "name": "clear_budget_dlq",
      "provider": "provider[\"registry.terraform.io/hashicorp/aws\"]",
      "instances": [
        {
          "schema_version": 0,
          "attributes": {
            "arn": "arn:aws:sqs:us-east-1:139654284650:BB-Clear-Budget-DLQ",
            "content_based_deduplication": false,
            "deduplication_scope": "",
            "delay_seconds": 0,
            "fifo_queue": false,
            "fifo_throughput_limit": "",
            "id": "https://sqs.us-east-1.amazonaws.com/139654284650/BB-Clear-Budget-DLQ",
            "kms_data_key_reuse_period_seconds": 300,
            "kms_master_key_id": "",
            "max_message_size": 262144,
            "message_retention_seconds": 60,
            "name": "BB-Clear-Budget-DLQ",
            "name_prefix": "",
            "policy": "{\"Version\":\"2008-10-17\",\"Id\":\"__default_policy_ID\",\"Statement\":[{\"Sid\":\"__owner_statement\",\"Effect\":\"Allow\",\"Principal\":{\"AWS\":\"arn:aws:iam::139654284650:root\"},\"Action\":\"SQS:*\",\"Resource\":\"arn:aws:sqs:us-east-1:139654284650:BB-Clear-Budget-DLQ\"},{\"Sid\":\"__sender_statement\",\"Effect\":\"Allow\",\"Principal\":{\"Service\":\"events.amazonaws.com\",\"AWS\":[\"arn:aws:iam::139654284650:role/BB-EventBridgeRuleRole\",\"arn:aws:iam::139654284650:role/BudgetBoyLambdaRole\",\"arn:aws:iam::139654284650:role/aws-service-role/apidestinations.events.amazonaws.com/AWSServiceRoleForAmazonEventBridgeApiDestinations\"]},\"Action\":\"SQS:SendMessage\",\"Resource\":\"arn:aws:sqs:us-east-1:139654284650:BB-Clear-Budget-Queue\"},{\"Sid\":\"EventsToMyQueue\",\"Effect\":\"Allow\",\"Principal\":{\"Service\":\"events.amazonaws.com\"},\"Action\":\"sqs:SendMessage\",\"Resource\":\"arn:aws:sqs:us-east-1:139654284650:BB-Clear-Budget-DLQ\"}]}",
            "receive_wait_time_seconds": 0,
            "redrive_allow_policy": "{\"redrivePermission\":\"allowAll\"}",
            "redrive_policy": "",
            "sqs_managed_sse_enabled": false,
            "tags": {},
            "tags_all": {},
            "url": "https://sqs.us-east-1.amazonaws.com/139654284650/BB-Clear-Budget-DLQ",
            "visibility_timeout_seconds": 30
          },
          "sensitive_attributes": [],
          "private": "eyJzY2hlbWFfdmVyc2lvbiI6IjAifQ=="
        }
      ]
    },
    {
      "mode": "managed",
      "type": "aws_sqs_queue",
      "name": "clear_budget_queue",
      "provider": "provider[\"registry.terraform.io/hashicorp/aws\"]",
      "instances": [
        {
          "schema_version": 0,
          "attributes": {
            "arn": "arn:aws:sqs:us-east-1:139654284650:BB-Clear-Budget-Queue",
            "content_based_deduplication": false,
            "deduplication_scope": "",
            "delay_seconds": 0,
            "fifo_queue": false,
            "fifo_throughput_limit": "",
            "id": "https://sqs.us-east-1.amazonaws.com/139654284650/BB-Clear-Budget-Queue",
            "kms_data_key_reuse_period_seconds": 300,
            "kms_master_key_id": "",
            "max_message_size": 262144,
            "message_retention_seconds": 345600,
            "name": "BB-Clear-Budget-Queue",
            "name_prefix": "",
            "policy": "{\"Version\":\"2008-10-17\",\"Id\":\"__default_policy_ID\",\"Statement\":[{\"Sid\":\"__owner_statement\",\"Effect\":\"Allow\",\"Principal\":{\"AWS\":\"arn:aws:iam::139654284650:root\"},\"Action\":\"SQS:*\",\"Resource\":\"arn:aws:sqs:us-east-1:139654284650:BB-Clear-Budget-Queue\"},{\"Sid\":\"__sender_statement\",\"Effect\":\"Allow\",\"Principal\":{\"Service\":\"events.amazonaws.com\",\"AWS\":[\"arn:aws:iam::139654284650:role/BB-EventBridgeRuleRole\",\"arn:aws:iam::139654284650:role/BudgetBoyLambdaRole\",\"arn:aws:iam::139654284650:role/aws-service-role/apidestinations.events.amazonaws.com/AWSServiceRoleForAmazonEventBridgeApiDestinations\"]},\"Action\":\"SQS:SendMessage\",\"Resource\":\"arn:aws:sqs:us-east-1:139654284650:BB-Clear-Budget-Queue\"},{\"Sid\":\"__receiver_statement\",\"Effect\":\"Allow\",\"Principal\":{\"AWS\":[\"arn:aws:iam::139654284650:role/BB-EventBridgeRuleRole\",\"arn:aws:iam::139654284650:role/BudgetBoyLambdaRole\"]},\"Action\":[\"SQS:ChangeMessageVisibility\",\"SQS:DeleteMessage\",\"SQS:ReceiveMessage\"],\"Resource\":\"arn:aws:sqs:us-east-1:139654284650:BB-Clear-Budget-Queue\"},{\"Sid\":\"EventsToMyQueue\",\"Effect\":\"Allow\",\"Principal\":{\"Service\":\"events.amazonaws.com\"},\"Action\":\"sqs:SendMessage\",\"Resource\":\"arn:aws:sqs:us-east-1:139654284650:BB-Clear-Budget-DLQ\"}]}",
            "receive_wait_time_seconds": 20,
            "redrive_allow_policy": "",
            "redrive_policy": "{\"deadLetterTargetArn\":\"arn:aws:sqs:us-east-1:139654284650:BB-Clear-Budget-DLQ\",\"maxReceiveCount\":2}",
            "sqs_managed_sse_enabled": false,
            "tags": {},
            "tags_all": {},
            "url": "https://sqs.us-east-1.amazonaws.com/139654284650/BB-Clear-Budget-Queue",
            "visibility_timeout_seconds": 30
          },
          "sensitive_attributes": [],
          "private": "eyJzY2hlbWFfdmVyc2lvbiI6IjAifQ==",
          "dependencies": [
            "aws_sqs_queue.clear_budget_dlq"
          ]
        }
      ]
    },
    {
      "mode": "managed",
      "type": "aws_sqs_queue_policy",
      "name": "clear_budget_dlq_policy",
      "provider": "provider[\"registry.terraform.io/hashicorp/aws\"]",
      "instances": [
        {
          "schema_version": 1,
          "attributes": {
            "id": "https://sqs.us-east-1.amazonaws.com/139654284650/BB-Clear-Budget-DLQ",
            "policy": "{\"Id\":\"__default_policy_ID\",\"Statement\":[{\"Action\":\"SQS:*\",\"Effect\":\"Allow\",\"Principal\":{\"AWS\":\"arn:aws:iam::139654284650:root\"},\"Resource\":\"arn:aws:sqs:us-east-1:139654284650:BB-Clear-Budget-DLQ\",\"Sid\":\"__owner_statement\"},{\"Action\":\"SQS:SendMessage\",\"Effect\":\"Allow\",\"Principal\":{\"AWS\":[\"arn:aws:iam::139654284650:role/BB-EventBridgeRuleRole\",\"arn:aws:iam::139654284650:role/aws-service-role/apidestinations.events.amazonaws.com/AWSServiceRoleForAmazonEventBridgeApiDestinations\",\"arn:aws:iam::139654284650:role/BudgetBoyLambdaRole\"],\"Service\":\"events.amazonaws.com\"},\"Resource\":\"arn:aws:sqs:us-east-1:139654284650:BB-Clear-Budget-Queue\",\"Sid\":\"__sender_statement\"},{\"Action\":\"sqs:SendMessage\",\"Effect\":\"Allow\",\"Principal\":{\"Service\":\"events.amazonaws.com\"},\"Resource\":\"arn:aws:sqs:us-east-1:139654284650:BB-Clear-Budget-DLQ\",\"Sid\":\"EventsToMyQueue\"}],\"Version\":\"2008-10-17\"}",
            "queue_url": "https://sqs.us-east-1.amazonaws.com/139654284650/BB-Clear-Budget-DLQ"
          },
          "sensitive_attributes": [],
          "private": "eyJzY2hlbWFfdmVyc2lvbiI6IjEifQ==",
          "dependencies": [
            "aws_sqs_queue.clear_budget_dlq"
          ]
        }
      ]
    },
    {
      "mode": "managed",
      "type": "aws_sqs_queue_policy",
      "name": "clear_budget_queue_policy",
      "provider": "provider[\"registry.terraform.io/hashicorp/aws\"]",
      "instances": [
        {
          "schema_version": 1,
          "attributes": {
            "id": "https://sqs.us-east-1.amazonaws.com/139654284650/BB-Clear-Budget-Queue",
            "policy": "{\"Id\":\"__default_policy_ID\",\"Statement\":[{\"Action\":\"SQS:*\",\"Effect\":\"Allow\",\"Principal\":{\"AWS\":\"arn:aws:iam::139654284650:root\"},\"Resource\":\"arn:aws:sqs:us-east-1:139654284650:BB-Clear-Budget-Queue\",\"Sid\":\"__owner_statement\"},{\"Action\":\"SQS:SendMessage\",\"Effect\":\"Allow\",\"Principal\":{\"AWS\":[\"arn:aws:iam::139654284650:role/aws-service-role/apidestinations.events.amazonaws.com/AWSServiceRoleForAmazonEventBridgeApiDestinations\",\"arn:aws:iam::139654284650:role/BudgetBoyLambdaRole\",\"arn:aws:iam::139654284650:role/BB-EventBridgeRuleRole\"],\"Service\":\"events.amazonaws.com\"},\"Resource\":\"arn:aws:sqs:us-east-1:139654284650:BB-Clear-Budget-Queue\",\"Sid\":\"__sender_statement\"},{\"Action\":[\"SQS:ChangeMessageVisibility\",\"SQS:DeleteMessage\",\"SQS:ReceiveMessage\"],\"Effect\":\"Allow\",\"Principal\":{\"AWS\":[\"arn:aws:iam::139654284650:role/BB-EventBridgeRuleRole\",\"arn:aws:iam::139654284650:role/BudgetBoyLambdaRole\"]},\"Resource\":\"arn:aws:sqs:us-east-1:139654284650:BB-Clear-Budget-Queue\",\"Sid\":\"__receiver_statement\"},{\"Action\":\"sqs:SendMessage\",\"Effect\":\"Allow\",\"Principal\":{\"Service\":\"events.amazonaws.com\"},\"Resource\":\"arn:aws:sqs:us-east-1:139654284650:BB-Clear-Budget-DLQ\",\"Sid\":\"EventsToMyQueue\"}],\"Version\":\"2008-10-17\"}",
            "queue_url": "https://sqs.us-east-1.amazonaws.com/139654284650/BB-Clear-Budget-Queue"
          },
          "sensitive_attributes": [],
          "private": "eyJzY2hlbWFfdmVyc2lvbiI6IjEifQ==",
          "dependencies": [
            "aws_sqs_queue.clear_budget_dlq",
            "aws_sqs_queue.clear_budget_queue"
          ]
        }
      ]
    }
  ]
}
