{
  "version": 4,
  "terraform_version": "1.2.8",
  "serial": 1,
  "lineage": "13491ff6-ed88-dfce-d8e9-6583c09b93a0",
  "outputs": {},
  "resources": [
    {
      "mode": "managed",
      "type": "aws_lambda_function",
      "name": "clear_budget",
      "provider": "provider[\"registry.terraform.io/hashicorp/aws\"]",
      "instances": [
        {
          "schema_version": 0,
          "attributes": {
            "architectures": [
              "x86_64"
            ],
            "arn": "arn:aws:lambda:us-east-1:139654284650:function:BB-Clear-Budget-Lambda",
            "code_signing_config_arn": "",
            "dead_letter_config": [],
            "description": "",
            "environment": [],
            "ephemeral_storage": [
              {
                "size": 512
              }
            ],
            "file_system_config": [],
            "filename": null,
            "function_name": "BB-Clear-Budget-Lambda",
            "handler": "lambda_function.lambda_handler",
            "id": "BB-Clear-Budget-Lambda",
            "image_config": [],
            "image_uri": "",
            "invoke_arn": "arn:aws:apigateway:us-east-1:lambda:path/2015-03-31/functions/arn:aws:lambda:us-east-1:139654284650:function:BB-Clear-Budget-Lambda/invocations",
            "kms_key_arn": "",
            "last_modified": "2022-08-27T04:56:25.000+0000",
            "layers": [],
            "memory_size": 128,
            "package_type": "Zip",
            "publish": null,
            "qualified_arn": "arn:aws:lambda:us-east-1:139654284650:function:BB-Clear-Budget-Lambda:$LATEST",
            "reserved_concurrent_executions": -1,
            "role": "arn:aws:iam::139654284650:role/BudgetBoyLambdaRole",
            "runtime": "python3.9",
            "s3_bucket": null,
            "s3_key": null,
            "s3_object_version": null,
            "signing_job_arn": "",
            "signing_profile_version_arn": "",
            "source_code_hash": "sCSmq0v6unuNHmgXl8/guCmwkwKFcmgdtq1+L3zNlHM=",
            "source_code_size": 1016,
            "tags": {},
            "tags_all": {},
            "timeout": 3,
            "timeouts": {
              "create": null
            },
            "tracing_config": [
              {
                "mode": "PassThrough"
              }
            ],
            "version": "$LATEST",
            "vpc_config": []
          },
          "sensitive_attributes": [],
          "private": "eyJlMmJmYjczMC1lY2FhLTExZTYtOGY4OC0zNDM2M2JjN2M0YzAiOnsiY3JlYXRlIjo2MDAwMDAwMDAwMDB9LCJzY2hlbWFfdmVyc2lvbiI6IjAifQ=="
        }
      ]
    }
  ]
}
